
Microsoft Visual Studio Solution File, Format Version 12.00
# Visual Studio Version 17
VisualStudioVersion = 17.5.33627.172
MinimumVisualStudioVersion = 10.0.40219.1
Project("{FAE04EC0-301F-11D3-BF4B-00C04F79EFBC}") = "Lesson-1", "Lesson-1.csproj", "{4BE1BB36-6C62-4C88-9E5F-F5BCF515E3F4}"
EndProject
Global
	GlobalSection(SolutionConfigurationPlatforms) = preSolution
		Debug|Any CPU = Debug|Any CPU
		Release|Any CPU = Release|Any CPU
	EndGlobalSection
	GlobalSection(ProjectConfigurationPlatforms) = postSolution
		{4BE1BB36-6C62-4C88-9E5F-F5BCF515E3F4}.Debug|Any CPU.ActiveCfg = Debug|Any CPU
		{4BE1BB36-6C62-4C88-9E5F-F5BCF515E3F4}.Debug|Any CPU.Build.0 = Debug|Any CPU
		{4BE1BB36-6C62-4C88-9E5F-F5BCF515E3F4}.Release|Any CPU.ActiveCfg = Release|Any CPU
		{4BE1BB36-6C62-4C88-9E5F-F5BCF515E3F4}.Release|Any CPU.Build.0 = Release|Any CPU
	EndGlobalSection
	GlobalSection(SolutionProperties) = preSolution
		HideSolutionNode = FALSE
	EndGlobalSection
	GlobalSection(ExtensibilityGlobals) = postSolution
		SolutionGuid = {293C340B-FE39-4ECF-9217-91EA9C6FE700}
	EndGlobalSection
EndGlobal
